// !$*UTF8*$!
{
	archiveVersion = 1;
	classes = {
	};
	objectVersion = 77;
	objects = {

/* Begin PBXContainerItemProxy section */
		5D4D21E02FD44ADC00C33639 /* PBXContainerItemProxy */ = {
			isa = PBXContainerItemProxy;
			containerPortal = 5D4D21CA2FD44ADA00C33639 /* Project object */;
			proxyType = 1;
			remoteGlobalIDString = 5D4D21D12FD44ADA00C33639;
			remoteInfo = MVVM_DI_Pattern;
		};
		5D4D21EA2FD44ADC00C33639 /* PBXContainerItemProxy */ = {
			isa = PBXContainerItemProxy;
			containerPortal = 5D4D21CA2FD44ADA00C33639 /* Project object */;
			proxyType = 1;
			remoteGlobalIDString = 5D4D21D12FD44ADA00C33639;
			remoteInfo = MVVM_DI_Pattern;
		};
/* End PBXContainerItemProxy section */

/* Begin PBXFileReference section */
		5D4D21D22FD44ADA00C33639 /* MVVM_DI_Pattern.app */ = {isa = PBXFileReference; explicitFileType = wrapper.application; includeInIndex = 0; path = MVVM_DI_Pattern.app; sourceTree = BUILT_PRODUCTS_DIR; };
		5D4D21DF2FD44ADC00C33639 /* MVVM_DI_PatternTests.xctest */ = {isa = PBXFileReference; explicitFileType = wrapper.cfbundle; includeInIndex = 0; path = MVVM_DI_PatternTests.xctest; sourceTree = BUILT_PRODUCTS_DIR; };
		5D4D21E92FD44ADC00C33639 /* MVVM_DI_PatternUITests.xctest */ = {isa = PBXFileReference; explicitFileType = wrapper.cfbundle; includeInIndex = 0; path = MVVM_DI_PatternUITests.xctest; sourceTree = BUILT_PRODUCTS_DIR; };
/* End PBXFileReference section */

/* Begin PBXFileSystemSynchronizedRootGroup section */
		5D4D21D42FD44ADA00C33639 /* MVVM_DI_Pattern */ = {
			isa = PBXFileSystemSynchronizedRootGroup;
			path = MVVM_DI_Pattern;
			sourceTree = "<group>";
		};
		5D4D21E22FD44ADC00C33639 /* MVVM_DI_PatternTests */ = {
			isa = PBXFileSystemSynchronizedRootGroup;
			path = MVVM_DI_PatternTests;
			sourceTree = "<group>";
		};
		5D4D21EC2FD44ADC00C33639 /* MVVM_DI_PatternUITests */ = {
			isa = PBXFileSystemSynchronizedRootGroup;
			path = MVVM_DI_PatternUITests;
			sourceTree = "<group>";
		};
/* End PBXFileSystemSynchronizedRootGroup section */

/* Begin PBXFrameworksBuildPhase section */
		5D4D21CF2FD44ADA00C33639 /* Frameworks */ = {
			isa = PBXFrameworksBuildPhase;
			buildActionMask = 2147483647;
			files = (
			);
			runOnlyForDeploymentPostprocessing = 0;
		};
		5D4D21DC2FD44ADC00C33639 /* Frameworks */ = {
			isa = PBXFrameworksBuildPhase;
			buildActionMask = 2147483647;
			files = (
			);
			runOnlyForDeploymentPostprocessing = 0;
		};
		5D4D21E62FD44ADC00C33639 /* Frameworks */ = {
			isa = PBXFrameworksBuildPhase;
			buildActionMask = 2147483647;
			files = (
			);
			runOnlyForDeploymentPostprocessing = 0;
		};
/* End PBXFrameworksBuildPhase section */

/* Begin PBXGroup section */
		5D4D21C92FD44ADA00C33639 = {
			isa = PBXGroup;
			children = (
				5D4D21D42FD44ADA00C33639 /* MVVM_DI_Pattern */,
				5D4D21E22FD44ADC00C33639 /* MVVM_DI_PatternTests */,
				5D4D21EC2FD44ADC00C33639 /* MVVM_DI_PatternUITests */,
				5D4D21D32FD44ADA00C33639 /* Products */,
			);
			sourceTree = "<group>";
		};
		5D4D21D32FD44ADA00C33639 /* Products */ = {
			isa = PBXGroup;
			children = (
				5D4D21D22FD44ADA00C33639 /* MVVM_DI_Pattern.app */,
				5D4D21DF2FD44ADC00C33639 /* MVVM_DI_PatternTests.xctest */,
				5D4D21E92FD44ADC00C33639 /* MVVM_DI_PatternUITests.xctest */,
			);
			name = Products;
			sourceTree = "<group>";
		};
/* End PBXGroup section */

/* Begin PBXNativeTarget section */
		5D4D21D12FD44ADA00C33639 /* MVVM_DI_Pattern */ = {
			isa = PBXNativeTarget;
			buildConfigurationList = 5D4D21F32FD44ADC00C33639 /* Build configuration list for PBXNativeTarget "MVVM_DI_Pattern" */;
			buildPhases = (
				5D4D21CE2FD44ADA00C33639 /* Sources */,
				5D4D21CF2FD44ADA00C33639 /* Frameworks */,
				5D4D21D02FD44ADA00C33639 /* Resources */,
			);
			buildRules = (
			);
			dependencies = (
			);
			fileSystemSynchronizedGroups = (
				5D4D21D42FD44ADA00C33639 /* MVVM_DI_Pattern */,
			);
			name = MVVM_DI_Pattern;
			packageProductDependencies = (
			);
			productName = MVVM_DI_Pattern;
			productReference = 5D4D21D22FD44ADA00C33639 /* MVVM_DI_Pattern.app */;
			productType = "com.apple.product-type.application";
		};
		5D4D21DE2FD44ADC00C33639 /* MVVM_DI_PatternTests */ = {
			isa = PBXNativeTarget;
			buildConfigurationList = 5D4D21F62FD44ADC00C33639 /* Build configuration list for PBXNativeTarget "MVVM_DI_PatternTests" */;
			buildPhases = (
				5D4D21DB2FD44ADC00C33639 /* Sources */,
				5D4D21DC2FD44ADC00C33639 /* Frameworks */,
				5D4D21DD2FD44ADC00C33639 /* Resources */,
			);
			buildRules = (
			);
			dependencies = (
				5D4D21E12FD44ADC00C33639 /* PBXTargetDependency */,
			);
			fileSystemSynchronizedGroups = (
				5D4D21E22FD44ADC00C33639 /* MVVM_DI_PatternTests */,
			);
			name = MVVM_DI_PatternTests;
			packageProductDependencies = (
			);
			productName = MVVM_DI_PatternTests;
			productReference = 5D4D21DF2FD44ADC00C33639 /* MVVM_DI_PatternTests.xctest */;
			productType = "com.apple.product-type.bundle.unit-test";
		};
		5D4D21E82FD44ADC00C33639 /* MVVM_DI_PatternUITests */ = {
			isa = PBXNativeTarget;
			buildConfigurationList = 5D4D21F92FD44ADC00C33639 /* Build configuration list for PBXNativeTarget "MVVM_DI_PatternUITests" */;
			buildPhases = (
				5D4D21E52FD44ADC00C33639 /* Sources */,
				5D4D21E62FD44ADC00C33639 /* Frameworks */,
				5D4D21E72FD44ADC00C33639 /* Resources */,
			);
			buildRules = (
			);
			dependencies = (
				5D4D21EB2FD44ADC00C33639 /* PBXTargetDependency */,
			);
			fileSystemSynchronizedGroups = (
				5D4D21EC2FD44ADC00C33639 /* MVVM_DI_PatternUITests */,
			);
			name = MVVM_DI_PatternUITests;
			packageProductDependencies = (
			);
			productName = MVVM_DI_PatternUITests;
			productReference = 5D4D21E92FD44ADC00C33639 /* MVVM_DI_PatternUITests.xctest */;
			productType = "com.apple.product-type.bundle.ui-testing";
		};
/* End PBXNativeTarget section */

/* Begin PBXProject section */
		5D4D21CA2FD44ADA00C33639 /* Project object */ = {
			isa = PBXProject;
			attributes = {
				BuildIndependentTargetsInParallel = 1;
				LastSwiftUpdateCheck = 2640;
				LastUpgradeCheck = 2640;
				TargetAttributes = {
					5D4D21D12FD44ADA00C33639 = {
						CreatedOnToolsVersion = 26.4.1;
					};
					5D4D21DE2FD44ADC00C33639 = {
						CreatedOnToolsVersion = 26.4.1;
						TestTargetID = 5D4D21D12FD44ADA00C33639;
					};
					5D4D21E82FD44ADC00C33639 = {
						CreatedOnToolsVersion = 26.4.1;
						TestTargetID = 5D4D21D12FD44ADA00C33639;
					};
				};
			};
			buildConfigurationList = 5D4D21CD2FD44ADA00C33639 /* Build configuration list for PBXProject "MVVM_DI_Pattern" */;
			developmentRegion = en;
			hasScannedForEncodings = 0;
			knownRegions = (
				en,
				Base,
			);
			mainGroup = 5D4D21C92FD44ADA00C33639;
			minimizedProjectReferenceProxies = 1;
			preferredProjectObjectVersion = 77;
			productRefGroup = 5D4D21D32FD44ADA00C33639 /* Products */;
			projectDirPath = "";
			projectRoot = "";
			targets = (
				5D4D21D12FD44ADA00C33639 /* MVVM_DI_Pattern */,
				5D4D21DE2FD44ADC00C33639 /* MVVM_DI_PatternTests */,
				5D4D21E82FD44ADC00C33639 /* MVVM_DI_PatternUITests */,
			);
		};
/* End PBXProject section */

/* Begin PBXResourcesBuildPhase section */
		5D4D21D02FD44ADA00C33639 /* Resources */ = {
			isa = PBXResourcesBuildPhase;
			buildActionMask = 2147483647;
			files = (
			);
			runOnlyForDeploymentPostprocessing = 0;
		};
		5D4D21DD2FD44ADC00C33639 /* Resources */ = {
			isa = PBXResourcesBuildPhase;
			buildActionMask = 2147483647;
			files = (
			);
			runOnlyForDeploymentPostprocessing = 0;
		};
		5D4D21E72FD44ADC00C33639 /* Resources */ = {
			isa = PBXResourcesBuildPhase;
			buildActionMask = 2147483647;
			files = (
			);
			runOnlyForDeploymentPostprocessing = 0;
		};
/* End PBXResourcesBuildPhase section */

/* Begin PBXSourcesBuildPhase section */
		5D4D21CE2FD44ADA00C33639 /* Sources */ = {
			isa = PBXSourcesBuildPhase;
			buildActionMask = 2147483647;
			files = (
			);
			runOnlyForDeploymentPostprocessing = 0;
		};
		5D4D21DB2FD44ADC00C33639 /* Sources */ = {
			isa = PBXSourcesBuildPhase;
			buildActionMask = 2147483647;
			files = (
			);
			runOnlyForDeploymentPostprocessing = 0;
		};
		5D4D21E52FD44ADC00C33639 /* Sources */ = {
			isa = PBXSourcesBuildPhase;
			buildActionMask = 2147483647;
			files = (
			);
			runOnlyForDeploymentPostprocessing = 0;
		};
/* End PBXSourcesBuildPhase section */

/* Begin PBXTargetDependency section */
		5D4D21E12FD44ADC00C33639 /* PBXTargetDependency */ = {
			isa = PBXTargetDependency;
			target = 5D4D21D12FD44ADA00C33639 /* MVVM_DI_Pattern */;
			targetProxy = 5D4D21E02FD44ADC00C33639 /* PBXContainerItemProxy */;
		};
		5D4D21EB2FD44ADC00C33639 /* PBXTargetDependency */ = {
			isa = PBXTargetDependency;
			target = 5D4D21D12FD44ADA00C33639 /* MVVM_DI_Pattern */;
			targetProxy = 5D4D21EA2FD44ADC00C33639 /* PBXContainerItemProxy */;
		};
/* End PBXTargetDependency section */

/* Begin XCBuildConfiguration section */
		5D4D21F12FD44ADC00C33639 /* Debug */ = {
			isa = XCBuildConfiguration;
			buildSettings = {
				ALWAYS_SEARCH_USER_PATHS = NO;
				ASSETCATALOG_COMPILER_GENERATE_SWIFT_ASSET_SYMBOL_EXTENSIONS = YES;
				CLANG_ANALYZER_NONNULL = YES;
				CLANG_ANALYZER_NUMBER_OBJECT_CONVERSION = YES_AGGRESSIVE;
				CLANG_CXX_LANGUAGE_STANDARD = "gnu++20";
				CLANG_ENABLE_MODULES = YES;
				CLANG_ENABLE_OBJC_ARC = YES;
				CLANG_ENABLE_OBJC_WEAK = YES;
				CLANG_WARN_BLOCK_CAPTURE_AUTORELEASING = YES;
				CLANG_WARN_BOOL_CONVERSION = YES;
				CLANG_WARN_COMMA = YES;
				CLANG_WARN_CONSTANT_CONVERSION = YES;
				CLANG_WARN_DEPRECATED_OBJC_IMPLEMENTATIONS = YES;
				CLANG_WARN_DIRECT_OBJC_ISA_USAGE = YES_ERROR;
				CLANG_WARN_DOCUMENTATION_COMMENTS = YES;
				CLANG_WARN_EMPTY_BODY = YES;
				CLANG_WARN_ENUM_CONVERSION = YES;
				CLANG_WARN_INFINITE_RECURSION = YES;
				CLANG_WARN_INT_CONVERSION = YES;
				CLANG_WARN_NON_LITERAL_NULL_CONVERSION = YES;
				CLANG_WARN_OBJC_IMPLICIT_RETAIN_SELF = YES;
				CLANG_WARN_OBJC_LITERAL_CONVERSION = YES;
				CLANG_WARN_OBJC_ROOT_CLASS = YES_ERROR;
				CLANG_WARN_QUOTED_INCLUDE_IN_FRAMEWORK_HEADER = YES;
				CLANG_WARN_RANGE_LOOP_ANALYSIS = YES;
				CLANG_WARN_STRICT_PROTOTYPES = YES;
				CLANG_WARN_SUSPICIOUS_MOVE = YES;
				CLANG_WARN_UNGUARDED_AVAILABILITY = YES_AGGRESSIVE;
				CLANG_WARN_UNREACHABLE_CODE = YES;
				CLANG_WARN__DUPLICATE_METHOD_MATCH = YES;
				COPY_PHASE_STRIP = NO;
				DEBUG_INFORMATION_FORMAT = dwarf;
				DEVELOPMENT_TEAM = H5A782ZEYX;
				ENABLE_STRICT_OBJC_MSGSEND = YES;
				ENABLE_TESTABILITY = YES;
				ENABLE_USER_SCRIPT_SANDBOXING = YES;
				GCC_C_LANGUAGE_STANDARD = gnu17;
				GCC_DYNAMIC_NO_PIC = NO;
				GCC_NO_COMMON_BLOCKS = YES;
				GCC_OPTIMIZATION_LEVEL = 0;
				GCC_PREPROCESSOR_DEFINITIONS = (
					"DEBUG=1",
					"$(inherited)",
				);
				GCC_WARN_64_TO_32_BIT_CONVERSION = YES;
				GCC_WARN_ABOUT_RETURN_TYPE = YES_ERROR;
				GCC_WARN_UNDECLARED_SELECTOR = YES;
				GCC_WARN_UNINITIALIZED_AUTOS = YES_AGGRESSIVE;
				GCC_WARN_UNUSED_FUNCTION = YES;
				GCC_WARN_UNUSED_VARIABLE = YES;
				IPHONEOS_DEPLOYMENT_TARGET = 26.4;
				LOCALIZATION_PREFERS_STRING_CATALOGS = YES;
				MTL_ENABLE_DEBUG_INFO = INCLUDE_SOURCE;
				MTL_FAST_MATH = YES;
				ONLY_ACTIVE_ARCH = YES;
				SDKROOT = iphoneos;
				SWIFT_ACTIVE_COMPILATION_CONDITIONS = "DEBUG $(inherited)";
				SWIFT_OPTIMIZATION_LEVEL = "-Onone";
			};
			name = Debug;
		};
		5D4D21F22FD44ADC00C33639 /* Release */ = {
			isa = XCBuildConfiguration;
			buildSettings = {
				ALWAYS_SEARCH_USER_PATHS = NO;
				ASSETCATALOG_COMPILER_GENERATE_SWIFT_ASSET_SYMBOL_EXTENSIONS = YES;
				CLANG_ANALYZER_NONNULL = YES;
				CLANG_ANALYZER_NUMBER_OBJECT_CONVERSION = YES_AGGRESSIVE;
				CLANG_CXX_LANGUAGE_STANDARD = "gnu++20";
				CLANG_ENABLE_MODULES = YES;
				CLANG_ENABLE_OBJC_ARC = YES;
				CLANG_ENABLE_OBJC_WEAK = YES;
				CLANG_WARN_BLOCK_CAPTURE_AUTORELEASING = YES;
				CLANG_WARN_BOOL_CONVERSION = YES;
				CLANG_WARN_COMMA = YES;
				CLANG_WARN_CONSTANT_CONVERSION = YES;
				CLANG_WARN_DEPRECATED_OBJC_IMPLEMENTATIONS = YES;
				CLANG_WARN_DIRECT_OBJC_ISA_USAGE = YES_ERROR;
				CLANG_WARN_DOCUMENTATION_COMMENTS = YES;
				CLANG_WARN_EMPTY_BODY = YES;
				CLANG_WARN_ENUM_CONVERSION = YES;
				CLANG_WARN_INFINITE_RECURSION = YES;
				CLANG_WARN_INT_CONVERSION = YES;
				CLANG_WARN_NON_LITERAL_NULL_CONVERSION = YES;
				CLANG_WARN_OBJC_IMPLICIT_RETAIN_SELF = YES;
				CLANG_WARN_OBJC_LITERAL_CONVERSION = YES;
				CLANG_WARN_OBJC_ROOT_CLASS = YES_ERROR;
				CLANG_WARN_QUOTED_INCLUDE_IN_FRAMEWORK_HEADER = YES;
				CLANG_WARN_RANGE_LOOP_ANALYSIS = YES;
				CLANG_WARN_STRICT_PROTOTYPES = YES;
				CLANG_WARN_SUSPICIOUS_MOVE = YES;
				CLANG_WARN_UNGUARDED_AVAILABILITY = YES_AGGRESSIVE;
				CLANG_WARN_UNREACHABLE_CODE = YES;
				CLANG_WARN__DUPLICATE_METHOD_MATCH = YES;
				COPY_PHASE_STRIP = NO;
				DEBUG_INFORMATION_FORMAT = "dwarf-with-dsym";
				DEVELOPMENT_TEAM = H5A782ZEYX;
				ENABLE_NS_ASSERTIONS = NO;
				ENABLE_STRICT_OBJC_MSGSEND = YES;
				ENABLE_USER_SCRIPT_SANDBOXING = YES;
				GCC_C_LANGUAGE_STANDARD = gnu17;
				GCC_NO_COMMON_BLOCKS = YES;
				GCC_WARN_64_TO_32_BIT_CONVERSION = YES;
				GCC_WARN_ABOUT_RETURN_TYPE = YES_ERROR;
				GCC_WARN_UNDECLARED_SELECTOR = YES;
				GCC_WARN_UNINITIALIZED_AUTOS = YES_AGGRESSIVE;
				GCC_WARN_UNUSED_FUNCTION = YES;
				GCC_WARN_UNUSED_VARIABLE = YES;
				IPHONEOS_DEPLOYMENT_TARGET = 26.4;
				LOCALIZATION_PREFERS_STRING_CATALOGS = YES;
				MTL_ENABLE_DEBUG_INFO = NO;
				MTL_FAST_MATH = YES;
				SDKROOT = iphoneos;
				SWIFT_COMPILATION_MODE = wholemodule;
				VALIDATE_PRODUCT = YES;
			};
			name = Release;
		};
		5D4D21F42FD44ADC00C33639 /* Debug */ = {
			isa = XCBuildConfiguration;
			buildSettings = {
				ASSETCATALOG_COMPILER_APPICON_NAME = AppIcon;
				ASSETCATALOG_COMPILER_GLOBAL_ACCENT_COLOR_NAME = AccentColor;
				CODE_SIGN_STYLE = Automatic;
				CURRENT_PROJECT_VERSION = 1;
				DEVELOPMENT_TEAM = H5A782ZEYX;
				ENABLE_PREVIEWS = YES;
				GENERATE_INFOPLIST_FILE = YES;
				INFOPLIST_KEY_UIApplicationSceneManifest_Generation = YES;
				INFOPLIST_KEY_UIApplicationSupportsIndirectInputEvents = YES;
				INFOPLIST_KEY_UILaunchScreen_Generation = YES;
				INFOPLIST_KEY_UISupportedInterfaceOrientations_iPad = "UIInterfaceOrientationPortrait UIInterfaceOrientationPortraitUpsideDown UIInterfaceOrientationLandscapeLeft UIInterfaceOrientationLandscapeRight";
				INFOPLIST_KEY_UISupportedInterfaceOrientations_iPhone = "UIInterfaceOrientationPortrait UIInterfaceOrientationLandscapeLeft UIInterfaceOrientationLandscapeRight";
				LD_RUNPATH_SEARCH_PATHS = (
					"$(inherited)",
					"@executable_path/Frameworks",
				);
				MARKETING_VERSION = 1.0;
				PRODUCT_BUNDLE_IDENTIFIER = "com.IndianiOS.MVVM-DI-Pattern";
				PRODUCT_NAME = "$(TARGET_NAME)";
				STRING_CATALOG_GENERATE_SYMBOLS = YES;
				SWIFT_APPROACHABLE_CONCURRENCY = YES;
				SWIFT_DEFAULT_ACTOR_ISOLATION = MainActor;
				SWIFT_EMIT_LOC_STRINGS = YES;
				SWIFT_UPCOMING_FEATURE_MEMBER_IMPORT_VISIBILITY = YES;
				SWIFT_VERSION = 5.0;
				TARGETED_DEVICE_FAMILY = "1,2";
			};
			name = Debug;
		};
		5D4D21F52FD44ADC00C33639 /* Release */ = {
			isa = XCBuildConfiguration;
			buildSettings = {
				ASSETCATALOG_COMPILER_APPICON_NAME = AppIcon;
				ASSETCATALOG_COMPILER_GLOBAL_ACCENT_COLOR_NAME = AccentColor;
				CODE_SIGN_STYLE = Automatic;
				CURRENT_PROJECT_VERSION = 1;
				DEVELOPMENT_TEAM = H5A782ZEYX;
				ENABLE_PREVIEWS = YES;
				GENERATE_INFOPLIST_FILE = YES;
				INFOPLIST_KEY_UIApplicationSceneManifest_Generation = YES;
				INFOPLIST_KEY_UIApplicationSupportsIndirectInputEvents = YES;
				INFOPLIST_KEY_UILaunchScreen_Generation = YES;
				INFOPLIST_KEY_UISupportedInterfaceOrientations_iPad = "UIInterfaceOrientationPortrait UIInterfaceOrientationPortraitUpsideDown UIInterfaceOrientationLandscapeLeft UIInterfaceOrientationLandscapeRight";
				INFOPLIST_KEY_UISupportedInterfaceOrientations_iPhone = "UIInterfaceOrientationPortrait UIInterfaceOrientationLandscapeLeft UIInterfaceOrientationLandscapeRight";
				LD_RUNPATH_SEARCH_PATHS = (
					"$(inherited)",
					"@executable_path/Frameworks",
				);
				MARKETING_VERSION = 1.0;
				PRODUCT_BUNDLE_IDENTIFIER = "com.IndianiOS.MVVM-DI-Pattern";
				PRODUCT_NAME = "$(TARGET_NAME)";
				STRING_CATALOG_GENERATE_SYMBOLS = YES;
				SWIFT_APPROACHABLE_CONCURRENCY = YES;
				SWIFT_DEFAULT_ACTOR_ISOLATION = MainActor;
				SWIFT_EMIT_LOC_STRINGS = YES;
				SWIFT_UPCOMING_FEATURE_MEMBER_IMPORT_VISIBILITY = YES;
				SWIFT_VERSION = 5.0;
				TARGETED_DEVICE_FAMILY = "1,2";
			};
			name = Release;
		};
		5D4D21F72FD44ADC00C33639 /* Debug */ = {
			isa = XCBuildConfiguration;
			buildSettings = {
				BUNDLE_LOADER = "$(TEST_HOST)";
				CODE_SIGN_STYLE = Automatic;
				CURRENT_PROJECT_VERSION = 1;
				DEVELOPMENT_TEAM = H5A782ZEYX;
				GENERATE_INFOPLIST_FILE = YES;
				IPHONEOS_DEPLOYMENT_TARGET = 26.4;
				MARKETING_VERSION = 1.0;
				PRODUCT_BUNDLE_IDENTIFIER = "com.IndianiOS.MVVM-DI-PatternTests";
				PRODUCT_NAME = "$(TARGET_NAME)";
				STRING_CATALOG_GENERATE_SYMBOLS = NO;
				SWIFT_APPROACHABLE_CONCURRENCY = YES;
				SWIFT_EMIT_LOC_STRINGS = NO;
				SWIFT_UPCOMING_FEATURE_MEMBER_IMPORT_VISIBILITY = YES;
				SWIFT_VERSION = 5.0;
				TARGETED_DEVICE_FAMILY = "1,2";
				TEST_HOST = "$(BUILT_PRODUCTS_DIR)/MVVM_DI_Pattern.app/$(BUNDLE_EXECUTABLE_FOLDER_PATH)/MVVM_DI_Pattern";
			};
			name = Debug;
		};
		5D4D21F82FD44ADC00C33639 /* Release */ = {
			isa = XCBuildConfiguration;
			buildSettings = {
				BUNDLE_LOADER = "$(TEST_HOST)";
				CODE_SIGN_STYLE = Automatic;
				CURRENT_PROJECT_VERSION = 1;
				DEVELOPMENT_TEAM = H5A782ZEYX;
				GENERATE_INFOPLIST_FILE = YES;
				IPHONEOS_DEPLOYMENT_TARGET = 26.4;
				MARKETING_VERSION = 1.0;
				PRODUCT_BUNDLE_IDENTIFIER = "com.IndianiOS.MVVM-DI-PatternTests";
				PRODUCT_NAME = "$(TARGET_NAME)";
				STRING_CATALOG_GENERATE_SYMBOLS = NO;
				SWIFT_APPROACHABLE_CONCURRENCY = YES;
				SWIFT_EMIT_LOC_STRINGS = NO;
				SWIFT_UPCOMING_FEATURE_MEMBER_IMPORT_VISIBILITY = YES;
				SWIFT_VERSION = 5.0;
				TARGETED_DEVICE_FAMILY = "1,2";
				TEST_HOST = "$(BUILT_PRODUCTS_DIR)/MVVM_DI_Pattern.app/$(BUNDLE_EXECUTABLE_FOLDER_PATH)/MVVM_DI_Pattern";
			};
			name = Release;
		};
		5D4D21FA2FD44ADC00C33639 /* Debug */ = {
			isa = XCBuildConfiguration;
			buildSettings = {
				CODE_SIGN_STYLE = Automatic;
				CURRENT_PROJECT_VERSION = 1;
				DEVELOPMENT_TEAM = H5A782ZEYX;
				GENERATE_INFOPLIST_FILE = YES;
				MARKETING_VERSION = 1.0;
				PRODUCT_BUNDLE_IDENTIFIER = "com.IndianiOS.MVVM-DI-PatternUITests";
				PRODUCT_NAME = "$(TARGET_NAME)";
				STRING_CATALOG_GENERATE_SYMBOLS = NO;
				SWIFT_APPROACHABLE_CONCURRENCY = YES;
				SWIFT_EMIT_LOC_STRINGS = NO;
				SWIFT_UPCOMING_FEATURE_MEMBER_IMPORT_VISIBILITY = YES;
				SWIFT_VERSION = 5.0;
				TARGETED_DEVICE_FAMILY = "1,2";
				TEST_TARGET_NAME = MVVM_DI_Pattern;
			};
			name = Debug;
		};
		5D4D21FB2FD44ADC00C33639 /* Release */ = {
			isa = XCBuildConfiguration;
			buildSettings = {
				CODE_SIGN_STYLE = Automatic;
				CURRENT_PROJECT_VERSION = 1;
				DEVELOPMENT_TEAM = H5A782ZEYX;
				GENERATE_INFOPLIST_FILE = YES;
				MARKETING_VERSION = 1.0;
				PRODUCT_BUNDLE_IDENTIFIER = "com.IndianiOS.MVVM-DI-PatternUITests";
				PRODUCT_NAME = "$(TARGET_NAME)";
				STRING_CATALOG_GENERATE_SYMBOLS = NO;
				SWIFT_APPROACHABLE_CONCURRENCY = YES;
				SWIFT_EMIT_LOC_STRINGS = NO;
				SWIFT_UPCOMING_FEATURE_MEMBER_IMPORT_VISIBILITY = YES;
				SWIFT_VERSION = 5.0;
				TARGETED_DEVICE_FAMILY = "1,2";
				TEST_TARGET_NAME = MVVM_DI_Pattern;
			};
			name = Release;
		};
/* End XCBuildConfiguration section */

/* Begin XCConfigurationList section */
		5D4D21CD2FD44ADA00C33639 /* Build configuration list for PBXProject "MVVM_DI_Pattern" */ = {
			isa = XCConfigurationList;
			buildConfigurations = (
				5D4D21F12FD44ADC00C33639 /* Debug */,
				5D4D21F22FD44ADC00C33639 /* Release */,
			);
			defaultConfigurationIsVisible = 0;
			defaultConfigurationName = Release;
		};
		5D4D21F32FD44ADC00C33639 /* Build configuration list for PBXNativeTarget "MVVM_DI_Pattern" */ = {
			isa = XCConfigurationList;
			buildConfigurations = (
				5D4D21F42FD44ADC00C33639 /* Debug */,
				5D4D21F52FD44ADC00C33639 /* Release */,
			);
			defaultConfigurationIsVisible = 0;
			defaultConfigurationName = Release;
		};
		5D4D21F62FD44ADC00C33639 /* Build configuration list for PBXNativeTarget "MVVM_DI_PatternTests" */ = {
			isa = XCConfigurationList;
			buildConfigurations = (
				5D4D21F72FD44ADC00C33639 /* Debug */,
				5D4D21F82FD44ADC00C33639 /* Release */,
			);
			defaultConfigurationIsVisible = 0;
			defaultConfigurationName = Release;
		};
		5D4D21F92FD44ADC00C33639 /* Build configuration list for PBXNativeTarget "MVVM_DI_PatternUITests" */ = {
			isa = XCConfigurationList;
			buildConfigurations = (
				5D4D21FA2FD44ADC00C33639 /* Debug */,
				5D4D21FB2FD44ADC00C33639 /* Release */,
			);
			defaultConfigurationIsVisible = 0;
			defaultConfigurationName = Release;
		};
/* End XCConfigurationList section */
	};
	rootObject = 5D4D21CA2FD44ADA00C33639 /* Project object */;
}
